// !$*UTF8*$!
{
	archiveVersion = 1;
	classes = {
	};
	objectVersion = 46;
	objects = {

/* Begin PBXBuildFile section */
		8D255ACA0486D3F9007BF209 /* InfoPlist.strings in Resources */ = {isa = PBXBuildFile; fileRef = 089C167DFE841241C02AAC07 /* InfoPlist.strings */; };
		943819D0236CB6D3002BB9D2 /* AppDelegate.swift in Sources */ = {isa = PBXBuildFile; fileRef = 943819CF236CB6D3002BB9D2 /* AppDelegate.swift */; };
		943819D2236CB6D3002BB9D2 /* ViewController.swift in Sources */ = {isa = PBXBuildFile; fileRef = 943819D1236CB6D3002BB9D2 /* ViewController.swift */; };
		943819D4236CB6D4002BB9D2 /* Assets.xcassets in Resources */ = {isa = PBXBuildFile; fileRef = 943819D3236CB6D4002BB9D2 /* Assets.xcassets */; };
		943819D7236CB6D4002BB9D2 /* Main.storyboard in Resources */ = {isa = PBXBuildFile; fileRef = 943819D5236CB6D4002BB9D2 /* Main.storyboard */; };
		943819DD236CB6E6002BB9D2 /* NoNeedForCrabsView.m in Sources */ = {isa = PBXBuildFile; fileRef = F500797A0118B23001CA0E54 /* NoNeedForCrabsView.m */; };
		943819DE236CB6E8002BB9D2 /* NoNeedForCrabsView.m in Sources */ = {isa = PBXBuildFile; fileRef = F500797A0118B23001CA0E54 /* NoNeedForCrabsView.m */; };
		943819DF236CB6F0002BB9D2 /* MyOpenGLView.m in Sources */ = {isa = PBXBuildFile; fileRef = 94893404107EE90000095B03 /* MyOpenGLView.m */; };
		943819E0236CB6F0002BB9D2 /* MyOpenGLView.m in Sources */ = {isa = PBXBuildFile; fileRef = 94893404107EE90000095B03 /* MyOpenGLView.m */; };
		943819E1236CB6F3002BB9D2 /* NoNeedForCrabsView.h in Headers */ = {isa = PBXBuildFile; fileRef = F50079790118B23001CA0E54 /* NoNeedForCrabsView.h */; };
		943819E2236CB6F6002BB9D2 /* MyOpenGLView.h in Headers */ = {isa = PBXBuildFile; fileRef = 94893403107EE90000095B03 /* MyOpenGLView.h */; };
		943819E4236CC29A002BB9D2 /* OpenGL.framework in Frameworks */ = {isa = PBXBuildFile; fileRef = 94526FFF228F2C0500D66BF6 /* OpenGL.framework */; };
		943819E5236CC2A8002BB9D2 /* Cocoa.framework in Frameworks */ = {isa = PBXBuildFile; fileRef = 94526FFD228F2BFF00D66BF6 /* Cocoa.framework */; };
		94526FFE228F2BFF00D66BF6 /* Cocoa.framework in Frameworks */ = {isa = PBXBuildFile; fileRef = 94526FFD228F2BFF00D66BF6 /* Cocoa.framework */; };
		94527000228F2C0500D66BF6 /* OpenGL.framework in Frameworks */ = {isa = PBXBuildFile; fileRef = 94526FFF228F2C0500D66BF6 /* OpenGL.framework */; };
		94527004228F2C1A00D66BF6 /* ScreenSaver.framework in Frameworks */ = {isa = PBXBuildFile; fileRef = 94527003228F2C1A00D66BF6 /* ScreenSaver.framework */; };
		94B30947236B404900B647A9 /* CrabsView.swift in Sources */ = {isa = PBXBuildFile; fileRef = 94B30946236B404900B647A9 /* CrabsView.swift */; };
		94B3095E236B4DBB00B647A9 /* crab.obj in Resources */ = {isa = PBXBuildFile; fileRef = 94B3095D236B4DBB00B647A9 /* crab.obj */; };
		94B30961236B64A900B647A9 /* Renderer.swift in Sources */ = {isa = PBXBuildFile; fileRef = 94B30960236B64A900B647A9 /* Renderer.swift */; };
		94B30965236B8E9B00B647A9 /* Shaders.metal in Sources */ = {isa = PBXBuildFile; fileRef = 94B30964236B8E9B00B647A9 /* Shaders.metal */; };
		94B30969236BA31E00B647A9 /* Metal.framework in Frameworks */ = {isa = PBXBuildFile; fileRef = 94B30967236BA31E00B647A9 /* Metal.framework */; };
		94B3096A236BA31E00B647A9 /* MetalKit.framework in Frameworks */ = {isa = PBXBuildFile; fileRef = 94B30968236BA31E00B647A9 /* MetalKit.framework */; };
		94CD129422AEC04900F81BEA /* thumbnail.png in Resources */ = {isa = PBXBuildFile; fileRef = 94CD129222AEC04900F81BEA /* thumbnail.png */; };
		94CD129522AEC04900F81BEA /* thumbnail@2x.png in Resources */ = {isa = PBXBuildFile; fileRef = 94CD129322AEC04900F81BEA /* thumbnail@2x.png */; };
		94EFA06A236CC83A00D923B6 /* Shaders.metal in Sources */ = {isa = PBXBuildFile; fileRef = 94B30964236B8E9B00B647A9 /* Shaders.metal */; };
		94EFA06B236CC83D00D923B6 /* Renderer.swift in Sources */ = {isa = PBXBuildFile; fileRef = 94B30960236B64A900B647A9 /* Renderer.swift */; };
		94EFA06C236CC84000D923B6 /* CrabsView.swift in Sources */ = {isa = PBXBuildFile; fileRef = 94B30946236B404900B647A9 /* CrabsView.swift */; };
/* End PBXBuildFile section */

/* Begin PBXFileReference section */
		8D255AD20486D3F9007BF209 /* Info.plist */ = {isa = PBXFileReference; fileEncoding = 4; lastKnownFileType = text.plist; path = Info.plist; sourceTree = "<group>"; };
		8D255AD30486D3F9007BF209 /* No Need For Crabs.saver */ = {isa = PBXFileReference; explicitFileType = wrapper.cfbundle; includeInIndex = 0; path = "No Need For Crabs.saver"; sourceTree = BUILT_PRODUCTS_DIR; };
		943819CD236CB6D3002BB9D2 /* Test App.app */ = {isa = PBXFileReference; explicitFileType = wrapper.application; includeInIndex = 0; path = "Test App.app"; sourceTree = BUILT_PRODUCTS_DIR; };
		943819CF236CB6D3002BB9D2 /* AppDelegate.swift */ = {isa = PBXFileReference; lastKnownFileType = sourcecode.swift; path = AppDelegate.swift; sourceTree = "<group>"; };
		943819D1236CB6D3002BB9D2 /* ViewController.swift */ = {isa = PBXFileReference; lastKnownFileType = sourcecode.swift; path = ViewController.swift; sourceTree = "<group>"; };
		943819D3236CB6D4002BB9D2 /* Assets.xcassets */ = {isa = PBXFileReference; lastKnownFileType = folder.assetcatalog; path = Assets.xcassets; sourceTree = "<group>"; };
		943819D6236CB6D4002BB9D2 /* Base */ = {isa = PBXFileReference; lastKnownFileType = file.storyboard; name = Base; path = Base.lproj/Main.storyboard; sourceTree = "<group>"; };
		943819D8236CB6D4002BB9D2 /* Info.plist */ = {isa = PBXFileReference; lastKnownFileType = text.plist.xml; path = Info.plist; sourceTree = "<group>"; };
		943819D9236CB6D4002BB9D2 /* Test_App.entitlements */ = {isa = PBXFileReference; lastKnownFileType = text.plist.entitlements; path = Test_App.entitlements; sourceTree = "<group>"; };
		943819E3236CB7D3002BB9D2 /* NoNeedForCrabs-Bridging-Header.h */ = {isa = PBXFileReference; lastKnownFileType = sourcecode.c.h; path = "NoNeedForCrabs-Bridging-Header.h"; sourceTree = "<group>"; };
		94526FF6228F263E00D66BF6 /* en */ = {isa = PBXFileReference; lastKnownFileType = text.plist.strings; name = en; path = en.lproj/InfoPlist.strings; sourceTree = "<group>"; };
		94526FFD228F2BFF00D66BF6 /* Cocoa.framework */ = {isa = PBXFileReference; lastKnownFileType = wrapper.framework; name = Cocoa.framework; path = System/Library/Frameworks/Cocoa.framework; sourceTree = SDKROOT; };
		94526FFF228F2C0500D66BF6 /* OpenGL.framework */ = {isa = PBXFileReference; lastKnownFileType = wrapper.framework; name = OpenGL.framework; path = System/Library/Frameworks/OpenGL.framework; sourceTree = SDKROOT; };
		94527001228F2C0C00D66BF6 /* Foundation.framework */ = {isa = PBXFileReference; lastKnownFileType = wrapper.framework; name = Foundation.framework; path = System/Library/Frameworks/Foundation.framework; sourceTree = SDKROOT; };
		94527003228F2C1A00D66BF6 /* ScreenSaver.framework */ = {isa = PBXFileReference; lastKnownFileType = wrapper.framework; name = ScreenSaver.framework; path = System/Library/Frameworks/ScreenSaver.framework; sourceTree = SDKROOT; };
		94893403107EE90000095B03 /* MyOpenGLView.h */ = {isa = PBXFileReference; fileEncoding = 4; lastKnownFileType = sourcecode.c.h; path = MyOpenGLView.h; sourceTree = "<group>"; };
		94893404107EE90000095B03 /* MyOpenGLView.m */ = {isa = PBXFileReference; fileEncoding = 4; lastKnownFileType = sourcecode.c.objc; path = MyOpenGLView.m; sourceTree = "<group>"; };
		94B30946236B404900B647A9 /* CrabsView.swift */ = {isa = PBXFileReference; lastKnownFileType = sourcecode.swift; path = CrabsView.swift; sourceTree = "<group>"; };
		94B3095D236B4DBB00B647A9 /* crab.obj */ = {isa = PBXFileReference; fileEncoding = 4; lastKnownFileType = text; path = crab.obj; sourceTree = "<group>"; };
		94B30960236B64A900B647A9 /* Renderer.swift */ = {isa = PBXFileReference; lastKnownFileType = sourcecode.swift; path = Renderer.swift; sourceTree = "<group>"; };
		94B30964236B8E9B00B647A9 /* Shaders.metal */ = {isa = PBXFileReference; fileEncoding = 4; lastKnownFileType = sourcecode.metal; path = Shaders.metal; sourceTree = "<group>"; };
		94B30967236BA31E00B647A9 /* Metal.framework */ = {isa = PBXFileReference; lastKnownFileType = wrapper.framework; name = Metal.framework; path = System/Library/Frameworks/Metal.framework; sourceTree = SDKROOT; };
		94B30968236BA31E00B647A9 /* MetalKit.framework */ = {isa = PBXFileReference; lastKnownFileType = wrapper.framework; name = MetalKit.framework; path = System/Library/Frameworks/MetalKit.framework; sourceTree = SDKROOT; };
		94CD129222AEC04900F81BEA /* thumbnail.png */ = {isa = PBXFileReference; lastKnownFileType = image.png; path = thumbnail.png; sourceTree = "<group>"; };
		94CD129322AEC04900F81BEA /* thumbnail@2x.png */ = {isa = PBXFileReference; lastKnownFileType = image.png; path = "thumbnail@2x.png"; sourceTree = "<group>"; };
		F50079790118B23001CA0E54 /* NoNeedForCrabsView.h */ = {isa = PBXFileReference; fileEncoding = 4; lastKnownFileType = sourcecode.c.h; path = NoNeedForCrabsView.h; sourceTree = "<group>"; };
		F500797A0118B23001CA0E54 /* NoNeedForCrabsView.m */ = {isa = PBXFileReference; fileEncoding = 4; lastKnownFileType = sourcecode.c.objc; path = NoNeedForCrabsView.m; sourceTree = "<group>"; };
/* End PBXFileReference section */

/* Begin PBXFrameworksBuildPhase section */
		8D255ACD0486D3F9007BF209 /* Frameworks */ = {
			isa = PBXFrameworksBuildPhase;
			buildActionMask = 2147483647;
			files = (
				94527004228F2C1A00D66BF6 /* ScreenSaver.framework in Frameworks */,
				94527000228F2C0500D66BF6 /* OpenGL.framework in Frameworks */,
				94B30969236BA31E00B647A9 /* Metal.framework in Frameworks */,
				94B3096A236BA31E00B647A9 /* MetalKit.framework in Frameworks */,
				94526FFE228F2BFF00D66BF6 /* Cocoa.framework in Frameworks */,
			);
			runOnlyForDeploymentPostprocessing = 0;
		};
		943819CA236CB6D3002BB9D2 /* Frameworks */ = {
			isa = PBXFrameworksBuildPhase;
			buildActionMask = 2147483647;
			files = (
				943819E5236CC2A8002BB9D2 /* Cocoa.framework in Frameworks */,
				943819E4236CC29A002BB9D2 /* OpenGL.framework in Frameworks */,
			);
			runOnlyForDeploymentPostprocessing = 0;
		};
/* End PBXFrameworksBuildPhase section */

/* Begin PBXGroup section */
		089C166AFE841209C02AAC07 /* Washu's Crabs */ = {
			isa = PBXGroup;
			children = (
				08FB77AFFE84173DC02AAC07 /* Classes */,
				089C167CFE841241C02AAC07 /* Resources */,
				943819CE236CB6D3002BB9D2 /* Test App */,
				19C28FB8FE9D52D311CA2CBB /* Products */,
				94526FFC228F2BFF00D66BF6 /* Frameworks */,
			);
			name = "Washu's Crabs";
			sourceTree = "<group>";
		};
		089C167CFE841241C02AAC07 /* Resources */ = {
			isa = PBXGroup;
			children = (
				94B3095D236B4DBB00B647A9 /* crab.obj */,
				8D255AD20486D3F9007BF209 /* Info.plist */,
				089C167DFE841241C02AAC07 /* InfoPlist.strings */,
				94CD129222AEC04900F81BEA /* thumbnail.png */,
				94CD129322AEC04900F81BEA /* thumbnail@2x.png */,
			);
			name = Resources;
			sourceTree = "<group>";
		};
		08FB77AFFE84173DC02AAC07 /* Classes */ = {
			isa = PBXGroup;
			children = (
				94893403107EE90000095B03 /* MyOpenGLView.h */,
				F50079790118B23001CA0E54 /* NoNeedForCrabsView.h */,
				94893404107EE90000095B03 /* MyOpenGLView.m */,
				F500797A0118B23001CA0E54 /* NoNeedForCrabsView.m */,
				94B30946236B404900B647A9 /* CrabsView.swift */,
				94B30964236B8E9B00B647A9 /* Shaders.metal */,
				94B30960236B64A900B647A9 /* Renderer.swift */,
			);
			name = Classes;
			sourceTree = "<group>";
		};
		19C28FB8FE9D52D311CA2CBB /* Products */ = {
			isa = PBXGroup;
			children = (
				8D255AD30486D3F9007BF209 /* No Need For Crabs.saver */,
				943819CD236CB6D3002BB9D2 /* Test App.app */,
			);
			name = Products;
			sourceTree = "<group>";
		};
		943819CE236CB6D3002BB9D2 /* Test App */ = {
			isa = PBXGroup;
			children = (
				943819CF236CB6D3002BB9D2 /* AppDelegate.swift */,
				943819D1236CB6D3002BB9D2 /* ViewController.swift */,
				943819E3236CB7D3002BB9D2 /* NoNeedForCrabs-Bridging-Header.h */,
				943819D3236CB6D4002BB9D2 /* Assets.xcassets */,
				943819D5236CB6D4002BB9D2 /* Main.storyboard */,
				943819D8236CB6D4002BB9D2 /* Info.plist */,
				943819D9236CB6D4002BB9D2 /* Test_App.entitlements */,
			);
			path = "Test App";
			sourceTree = "<group>";
		};
		94526FFC228F2BFF00D66BF6 /* Frameworks */ = {
			isa = PBXGroup;
			children = (
				94B30967236BA31E00B647A9 /* Metal.framework */,
				94B30968236BA31E00B647A9 /* MetalKit.framework */,
				94527003228F2C1A00D66BF6 /* ScreenSaver.framework */,
				94527001228F2C0C00D66BF6 /* Foundation.framework */,
				94526FFF228F2C0500D66BF6 /* OpenGL.framework */,
				94526FFD228F2BFF00D66BF6 /* Cocoa.framework */,
			);
			name = Frameworks;
			sourceTree = "<group>";
		};
/* End PBXGroup section */

/* Begin PBXHeadersBuildPhase section */
		8D255AC60486D3F9007BF209 /* Headers */ = {
			isa = PBXHeadersBuildPhase;
			buildActionMask = 2147483647;
			files = (
				943819E2236CB6F6002BB9D2 /* MyOpenGLView.h in Headers */,
				943819E1236CB6F3002BB9D2 /* NoNeedForCrabsView.h in Headers */,
			);
			runOnlyForDeploymentPostprocessing = 0;
		};
/* End PBXHeadersBuildPhase section */

/* Begin PBXNativeTarget section */
		8D255AC50486D3F9007BF209 /* No Need For Crabs */ = {
			isa = PBXNativeTarget;
			buildConfigurationList = EF7AD72D08BB986600CE4634 /* Build configuration list for PBXNativeTarget "No Need For Crabs" */;
			buildPhases = (
				8D255AC60486D3F9007BF209 /* Headers */,
				8D255AC90486D3F9007BF209 /* Resources */,
				8D255ACB0486D3F9007BF209 /* Sources */,
				8D255ACD0486D3F9007BF209 /* Frameworks */,
				8D255AD00486D3F9007BF209 /* Rez */,
			);
			buildRules = (
			);
			dependencies = (
			);
			name = "No Need For Crabs";
			productInstallPath = "$(HOME)/Library/Screen Savers";
			productName = "Washu's Crabs";
			productReference = 8D255AD30486D3F9007BF209 /* No Need For Crabs.saver */;
			productType = "com.apple.product-type.bundle";
		};
		943819CC236CB6D3002BB9D2 /* Test App */ = {
			isa = PBXNativeTarget;
			buildConfigurationList = 943819DA236CB6D4002BB9D2 /* Build configuration list for PBXNativeTarget "Test App" */;
			buildPhases = (
				943819C9236CB6D3002BB9D2 /* Sources */,
				943819CA236CB6D3002BB9D2 /* Frameworks */,
				943819CB236CB6D3002BB9D2 /* Resources */,
			);
			buildRules = (
			);
			dependencies = (
			);
			name = "Test App";
			productName = "Test App";
			productReference = 943819CD236CB6D3002BB9D2 /* Test App.app */;
			productType = "com.apple.product-type.application";
		};
/* End PBXNativeTarget section */

/* Begin PBXProject section */
		089C1669FE841209C02AAC07 /* Project object */ = {
			isa = PBXProject;
			attributes = {
				BuildIndependentTargetsInParallel = YES;
				LastSwiftUpdateCheck = 1110;
				LastUpgradeCheck = 1110;
				ORGANIZATIONNAME = "Ryan Harper";
				TargetAttributes = {
					8D255AC50486D3F9007BF209 = {
						DevelopmentTeam = Z8LUQZA4RH;
						LastSwiftMigration = 1110;
						ProvisioningStyle = Automatic;
					};
					943819CC236CB6D3002BB9D2 = {
						CreatedOnToolsVersion = 11.1;
						DevelopmentTeam = Z8LUQZA4RH;
						ProvisioningStyle = Automatic;
					};
				};
			};
			buildConfigurationList = EF7AD73108BB986600CE4634 /* Build configuration list for PBXProject "No Need For Crabs" */;
			compatibilityVersion = "Xcode 3.2";
			developmentRegion = en;
			hasScannedForEncodings = 1;
			knownRegions = (
				en,
				Base,
			);
			mainGroup = 089C166AFE841209C02AAC07 /* Washu's Crabs */;
			projectDirPath = "";
			projectRoot = "";
			targets = (
				8D255AC50486D3F9007BF209 /* No Need For Crabs */,
				943819CC236CB6D3002BB9D2 /* Test App */,
			);
		};
/* End PBXProject section */

/* Begin PBXResourcesBuildPhase section */
		8D255AC90486D3F9007BF209 /* Resources */ = {
			isa = PBXResourcesBuildPhase;
			buildActionMask = 2147483647;
			files = (
				94CD129422AEC04900F81BEA /* thumbnail.png in Resources */,
				94B3095E236B4DBB00B647A9 /* crab.obj in Resources */,
				8D255ACA0486D3F9007BF209 /* InfoPlist.strings in Resources */,
				94CD129522AEC04900F81BEA /* thumbnail@2x.png in Resources */,
			);
			runOnlyForDeploymentPostprocessing = 0;
		};
		943819CB236CB6D3002BB9D2 /* Resources */ = {
			isa = PBXResourcesBuildPhase;
			buildActionMask = 2147483647;
			files = (
				943819D4236CB6D4002BB9D2 /* Assets.xcassets in Resources */,
				943819D7236CB6D4002BB9D2 /* Main.storyboard in Resources */,
			);
			runOnlyForDeploymentPostprocessing = 0;
		};
/* End PBXResourcesBuildPhase section */

/* Begin PBXRezBuildPhase section */
		8D255AD00486D3F9007BF209 /* Rez */ = {
			isa = PBXRezBuildPhase;
			buildActionMask = 2147483647;
			files = (
			);
			runOnlyForDeploymentPostprocessing = 0;
		};
/* End PBXRezBuildPhase section */

/* Begin PBXSourcesBuildPhase section */
		8D255ACB0486D3F9007BF209 /* Sources */ = {
			isa = PBXSourcesBuildPhase;
			buildActionMask = 2147483647;
			files = (
				94B30961236B64A900B647A9 /* Renderer.swift in Sources */,
				943819DE236CB6E8002BB9D2 /* NoNeedForCrabsView.m in Sources */,
				943819E0236CB6F0002BB9D2 /* MyOpenGLView.m in Sources */,
				94B30947236B404900B647A9 /* CrabsView.swift in Sources */,
				94B30965236B8E9B00B647A9 /* Shaders.metal in Sources */,
			);
			runOnlyForDeploymentPostprocessing = 0;
		};
		943819C9236CB6D3002BB9D2 /* Sources */ = {
			isa = PBXSourcesBuildPhase;
			buildActionMask = 2147483647;
			files = (
				943819DD236CB6E6002BB9D2 /* NoNeedForCrabsView.m in Sources */,
				943819D2236CB6D3002BB9D2 /* ViewController.swift in Sources */,
				943819D0236CB6D3002BB9D2 /* AppDelegate.swift in Sources */,
				943819DF236CB6F0002BB9D2 /* MyOpenGLView.m in Sources */,
				94EFA06C236CC84000D923B6 /* CrabsView.swift in Sources */,
				94EFA06B236CC83D00D923B6 /* Renderer.swift in Sources */,
				94EFA06A236CC83A00D923B6 /* Shaders.metal in Sources */,
			);
			runOnlyForDeploymentPostprocessing = 0;
		};
/* End PBXSourcesBuildPhase section */

/* Begin PBXVariantGroup section */
		089C167DFE841241C02AAC07 /* InfoPlist.strings */ = {
			isa = PBXVariantGroup;
			children = (
				94526FF6228F263E00D66BF6 /* en */,
			);
			name = InfoPlist.strings;
			sourceTree = "<group>";
		};
		943819D5236CB6D4002BB9D2 /* Main.storyboard */ = {
			isa = PBXVariantGroup;
			children = (
				943819D6236CB6D4002BB9D2 /* Base */,
			);
			name = Main.storyboard;
			sourceTree = "<group>";
		};
/* End PBXVariantGroup section */

/* Begin XCBuildConfiguration section */
		943819DB236CB6D4002BB9D2 /* Debug */ = {
			isa = XCBuildConfiguration;
			buildSettings = {
				ALWAYS_SEARCH_USER_PATHS = NO;
				ASSETCATALOG_COMPILER_APPICON_NAME = AppIcon;
				CLANG_ANALYZER_NONNULL = YES;
				CLANG_ANALYZER_NUMBER_OBJECT_CONVERSION = YES_AGGRESSIVE;
				CLANG_CXX_LANGUAGE_STANDARD = "gnu++14";
				CLANG_CXX_LIBRARY = "libc++";
				CLANG_ENABLE_MODULES = YES;
				CLANG_ENABLE_OBJC_ARC = NO;
				CLANG_ENABLE_OBJC_WEAK = YES;
				CLANG_WARN_BLOCK_CAPTURE_AUTORELEASING = YES;
				CLANG_WARN_BOOL_CONVERSION = YES;
				CLANG_WARN_COMMA = YES;
				CLANG_WARN_CONSTANT_CONVERSION = YES;
				CLANG_WARN_DEPRECATED_OBJC_IMPLEMENTATIONS = YES;
				CLANG_WARN_DIRECT_OBJC_ISA_USAGE = YES_ERROR;
				CLANG_WARN_DOCUMENTATION_COMMENTS = YES;
				CLANG_WARN_EMPTY_BODY = YES;
				CLANG_WARN_ENUM_CONVERSION = YES;
				CLANG_WARN_INFINITE_RECURSION = YES;
				CLANG_WARN_INT_CONVERSION = YES;
				CLANG_WARN_NON_LITERAL_NULL_CONVERSION = YES;
				CLANG_WARN_OBJC_IMPLICIT_RETAIN_SELF = YES;
				CLANG_WARN_OBJC_LITERAL_CONVERSION = YES;
				CLANG_WARN_OBJC_ROOT_CLASS = YES_ERROR;
				CLANG_WARN_RANGE_LOOP_ANALYSIS = YES;
				CLANG_WARN_STRICT_PROTOTYPES = YES;
				CLANG_WARN_SUSPICIOUS_MOVE = YES;
				CLANG_WARN_UNGUARDED_AVAILABILITY = YES_AGGRESSIVE;
				CLANG_WARN_UNREACHABLE_CODE = YES;
				CLANG_WARN__DUPLICATE_METHOD_MATCH = YES;
				CODE_SIGN_ENTITLEMENTS = "Test App/Test_App.entitlements";
				CODE_SIGN_IDENTITY = "-";
				CODE_SIGN_STYLE = Automatic;
				COMBINE_HIDPI_IMAGES = YES;
				COPY_PHASE_STRIP = NO;
				DEBUG_INFORMATION_FORMAT = dwarf;
				DEVELOPMENT_TEAM = Z8LUQZA4RH;
				ENABLE_HARDENED_RUNTIME = YES;
				ENABLE_STRICT_OBJC_MSGSEND = YES;
				GCC_DYNAMIC_NO_PIC = NO;
				GCC_NO_COMMON_BLOCKS = YES;
				GCC_OPTIMIZATION_LEVEL = 0;
				GCC_PREPROCESSOR_DEFINITIONS = (
					"DEBUG=1",
					"$(inherited)",
				);
				GCC_WARN_64_TO_32_BIT_CONVERSION = YES;
				GCC_WARN_ABOUT_RETURN_TYPE = YES_ERROR;
				GCC_WARN_UNDECLARED_SELECTOR = YES;
				GCC_WARN_UNINITIALIZED_AUTOS = YES_AGGRESSIVE;
				GCC_WARN_UNUSED_FUNCTION = YES;
				GCC_WARN_UNUSED_VARIABLE = YES;
				INFOPLIST_FILE = "Test App/Info.plist";
				LD_RUNPATH_SEARCH_PATHS = "$(inherited) @executable_path/../Frameworks";
				MTL_ENABLE_DEBUG_INFO = INCLUDE_SOURCE;
				MTL_FAST_MATH = YES;
				PRODUCT_BUNDLE_IDENTIFIER = "net.ryanharper.Test-App";
				PRODUCT_NAME = "$(TARGET_NAME)";
				SDKROOT = macosx;
				SWIFT_ACTIVE_COMPILATION_CONDITIONS = DEBUG;
				SWIFT_OBJC_BRIDGING_HEADER = "Test App/NoNeedForCrabs-Bridging-Header.h";
				SWIFT_OPTIMIZATION_LEVEL = "-Onone";
				SWIFT_VERSION = 5.0;
			};
			name = Debug;
		};
		943819DC236CB6D4002BB9D2 /* Release */ = {
			isa = XCBuildConfiguration;
			buildSettings = {
				ALWAYS_SEARCH_USER_PATHS = NO;
				ASSETCATALOG_COMPILER_APPICON_NAME = AppIcon;
				CLANG_ANALYZER_NONNULL = YES;
				CLANG_ANALYZER_NUMBER_OBJECT_CONVERSION = YES_AGGRESSIVE;
				CLANG_CXX_LANGUAGE_STANDARD = "gnu++14";
				CLANG_CXX_LIBRARY = "libc++";
				CLANG_ENABLE_MODULES = YES;
				CLANG_ENABLE_OBJC_ARC = NO;
				CLANG_ENABLE_OBJC_WEAK = YES;
				CLANG_WARN_BLOCK_CAPTURE_AUTORELEASING = YES;
				CLANG_WARN_BOOL_CONVERSION = YES;
				CLANG_WARN_COMMA = YES;
				CLANG_WARN_CONSTANT_CONVERSION = YES;
				CLANG_WARN_DEPRECATED_OBJC_IMPLEMENTATIONS = YES;
				CLANG_WARN_DIRECT_OBJC_ISA_USAGE = YES_ERROR;
				CLANG_WARN_DOCUMENTATION_COMMENTS = YES;
				CLANG_WARN_EMPTY_BODY = YES;
				CLANG_WARN_ENUM_CONVERSION = YES;
				CLANG_WARN_INFINITE_RECURSION = YES;
				CLANG_WARN_INT_CONVERSION = YES;
				CLANG_WARN_NON_LITERAL_NULL_CONVERSION = YES;
				CLANG_WARN_OBJC_IMPLICIT_RETAIN_SELF = YES;
				CLANG_WARN_OBJC_LITERAL_CONVERSION = YES;
				CLANG_WARN_OBJC_ROOT_CLASS = YES_ERROR;
				CLANG_WARN_RANGE_LOOP_ANALYSIS = YES;
				CLANG_WARN_STRICT_PROTOTYPES = YES;
				CLANG_WARN_SUSPICIOUS_MOVE = YES;
				CLANG_WARN_UNGUARDED_AVAILABILITY = YES_AGGRESSIVE;
				CLANG_WARN_UNREACHABLE_CODE = YES;
				CLANG_WARN__DUPLICATE_METHOD_MATCH = YES;
				CODE_SIGN_ENTITLEMENTS = "Test App/Test_App.entitlements";
				CODE_SIGN_IDENTITY = "-";
				CODE_SIGN_STYLE = Automatic;
				COMBINE_HIDPI_IMAGES = YES;
				COPY_PHASE_STRIP = NO;
				DEBUG_INFORMATION_FORMAT = "dwarf-with-dsym";
				DEVELOPMENT_TEAM = Z8LUQZA4RH;
				ENABLE_HARDENED_RUNTIME = YES;
				ENABLE_NS_ASSERTIONS = NO;
				ENABLE_STRICT_OBJC_MSGSEND = YES;
				GCC_NO_COMMON_BLOCKS = YES;
				GCC_WARN_64_TO_32_BIT_CONVERSION = YES;
				GCC_WARN_ABOUT_RETURN_TYPE = YES_ERROR;
				GCC_WARN_UNDECLARED_SELECTOR = YES;
				GCC_WARN_UNINITIALIZED_AUTOS = YES_AGGRESSIVE;
				GCC_WARN_UNUSED_FUNCTION = YES;
				GCC_WARN_UNUSED_VARIABLE = YES;
				INFOPLIST_FILE = "Test App/Info.plist";
				LD_RUNPATH_SEARCH_PATHS = "$(inherited) @executable_path/../Frameworks";
				MTL_ENABLE_DEBUG_INFO = NO;
				MTL_FAST_MATH = YES;
				PRODUCT_BUNDLE_IDENTIFIER = "net.ryanharper.Test-App";
				PRODUCT_NAME = "$(TARGET_NAME)";
				SDKROOT = macosx;
				SWIFT_OBJC_BRIDGING_HEADER = "Test App/NoNeedForCrabs-Bridging-Header.h";
				SWIFT_OPTIMIZATION_LEVEL = "-Owholemodule";
				SWIFT_VERSION = 5.0;
			};
			name = Release;
		};
		EF7AD72E08BB986600CE4634 /* Debug */ = {
			isa = XCBuildConfiguration;
			buildSettings = {
				CLANG_ENABLE_MODULES = YES;
				CODE_SIGN_IDENTITY = "-";
				CODE_SIGN_STYLE = Automatic;
				CURRENT_PROJECT_VERSION = 1;
				DEVELOPMENT_TEAM = Z8LUQZA4RH;
				ENABLE_HARDENED_RUNTIME = YES;
				GCC_DYNAMIC_NO_PIC = NO;
				GCC_OPTIMIZATION_LEVEL = s;
				GCC_VERSION = "";
				INFOPLIST_FILE = Info.plist;
				LD_RUNPATH_SEARCH_PATHS = "$(inherited) @executable_path/../Frameworks @loader_path/../Frameworks";
				MARKETING_VERSION = 1.2;
				PRODUCT_BUNDLE_IDENTIFIER = net.ryanharper.noneedforcrabs;
				PRODUCT_NAME = "No Need For Crabs";
				PROVISIONING_PROFILE_SPECIFIER = "";
				SWIFT_VERSION = 5.0;
				WRAPPER_EXTENSION = saver;
			};
			name = Debug;
		};
		EF7AD72F08BB986600CE4634 /* Release */ = {
			isa = XCBuildConfiguration;
			buildSettings = {
				CLANG_ENABLE_MODULES = YES;
				CODE_SIGN_IDENTITY = "-";
				CODE_SIGN_STYLE = Automatic;
				CURRENT_PROJECT_VERSION = 1;
				DEBUG_INFORMATION_FORMAT = "dwarf-with-dsym";
				DEVELOPMENT_TEAM = Z8LUQZA4RH;
				ENABLE_HARDENED_RUNTIME = YES;
				GCC_OPTIMIZATION_LEVEL = s;
				GCC_VERSION = "";
				INFOPLIST_FILE = Info.plist;
				LD_RUNPATH_SEARCH_PATHS = "$(inherited) @executable_path/../Frameworks @loader_path/../Frameworks";
				MARKETING_VERSION = 1.2;
				PRODUCT_BUNDLE_IDENTIFIER = net.ryanharper.noneedforcrabs;
				PRODUCT_NAME = "No Need For Crabs";
				PROVISIONING_PROFILE_SPECIFIER = "";
				SWIFT_VERSION = 5.0;
				WRAPPER_EXTENSION = saver;
			};
			name = Release;
		};
		EF7AD73208BB986600CE4634 /* Debug */ = {
			isa = XCBuildConfiguration;
			buildSettings = {
				ENABLE_TESTABILITY = YES;
				GCC_VERSION = "";
				MACOSX_DEPLOYMENT_TARGET = 10.12;
				ONLY_ACTIVE_ARCH = YES;
			};
			name = Debug;
		};
		EF7AD73308BB986600CE4634 /* Release */ = {
			isa = XCBuildConfiguration;
			buildSettings = {
				GCC_VERSION = "";
				MACOSX_DEPLOYMENT_TARGET = 10.12;
			};
			name = Release;
		};
/* End XCBuildConfiguration section */

/* Begin XCConfigurationList section */
		943819DA236CB6D4002BB9D2 /* Build configuration list for PBXNativeTarget "Test App" */ = {
			isa = XCConfigurationList;
			buildConfigurations = (
				943819DB236CB6D4002BB9D2 /* Debug */,
				943819DC236CB6D4002BB9D2 /* Release */,
			);
			defaultConfigurationIsVisible = 0;
			defaultConfigurationName = Release;
		};
		EF7AD72D08BB986600CE4634 /* Build configuration list for PBXNativeTarget "No Need For Crabs" */ = {
			isa = XCConfigurationList;
			buildConfigurations = (
				EF7AD72E08BB986600CE4634 /* Debug */,
				EF7AD72F08BB986600CE4634 /* Release */,
			);
			defaultConfigurationIsVisible = 0;
			defaultConfigurationName = Release;
		};
		EF7AD73108BB986600CE4634 /* Build configuration list for PBXProject "No Need For Crabs" */ = {
			isa = XCConfigurationList;
			buildConfigurations = (
				EF7AD73208BB986600CE4634 /* Debug */,
				EF7AD73308BB986600CE4634 /* Release */,
			);
			defaultConfigurationIsVisible = 0;
			defaultConfigurationName = Release;
		};
/* End XCConfigurationList section */
	};
	rootObject = 089C1669FE841209C02AAC07 /* Project object */;
}
